<?xml version="1.0" encoding="utf-8"?>
<Project ToolsVersion="4.0" xmlns="http://schemas.microsoft.com/developer/msbuild/2003">
  <ItemGroup>
    <Filter Include="소스 파일">
      <UniqueIdentifier>{4FC737F1-C7A5-4376-A066-2A32D752A2FF}</UniqueIdentifier>
      <Extensions>cpp;c;cc;cxx;def;odl;idl;hpj;bat;asm;asmx</Extensions>
    </Filter>
    <Filter Include="헤더 파일">
      <UniqueIdentifier>{93995380-89BD-4b04-88EB-625FBE52EBFB}</UniqueIdentifier>
      <Extensions>h;hh;hpp;hxx;hm;inl;inc;ipp;xsd</Extensions>
    </Filter>
    <Filter Include="리소스 파일">
      <UniqueIdentifier>{67DA6AB6-F800-4c08-8B7A-83BB121AAD01}</UniqueIdentifier>
      <Extensions>rc;ico;cur;bmp;dlg;rc2;rct;bin;rgs;gif;jpg;jpeg;jpe;resx;tiff;tif;png;wav;mfcribbon-ms</Extensions>
    </Filter>
  </ItemGroup>
  <ItemGroup>
    <ClCompile Include="Lv1_2016년.cpp">
      <Filter>소스 파일</Filter>
    </ClCompile>
    <ClCompile Include="Lv1_K번째수.cpp">
      <Filter>소스 파일</Filter>
    </ClCompile>
    <ClCompile Include="Lv1_N으로표현.cpp">
      <Filter>소스 파일</Filter>
    </ClCompile>
    <ClCompile Include="Lv1_가운데글자가져오기.cpp">
      <Filter>소스 파일</Filter>
    </ClCompile>
    <ClCompile Include="Lv1_모의고사.cpp">
      <Filter>소스 파일</Filter>
    </ClCompile>
    <ClCompile Include="Lv1_소수의합.cpp">
      <Filter>소스 파일</Filter>
    </ClCompile>
    <ClCompile Include="Lv1_예산.cpp">
      <Filter>소스 파일</Filter>
    </ClCompile>
    <ClCompile Include="Lv1_완주하지못한선수.cpp">
      <Filter>소스 파일</Filter>
    </ClCompile>
    <ClCompile Include="Lv1_직사각형별찍기.cpp">
      <Filter>소스 파일</Filter>
    </ClCompile>
    <ClCompile Include="Lv1_체육복.cpp">
      <Filter>소스 파일</Filter>
    </ClCompile>
    <ClCompile Include="Lv2_124나라의숫자.cpp">
      <Filter>소스 파일</Filter>
    </ClCompile>
    <ClCompile Include="Lv2_H-Index.cpp">
      <Filter>소스 파일</Filter>
    </ClCompile>
    <ClCompile Include="Lv2_가장큰수.cpp">
      <Filter>소스 파일</Filter>
    </ClCompile>
    <ClCompile Include="Lv2_구명보트.cpp">
      <Filter>소스 파일</Filter>
    </ClCompile>
    <ClCompile Include="Lv2_기능개발.cpp">
      <Filter>소스 파일</Filter>
    </ClCompile>
    <ClCompile Include="Lv2_다리를지나는트럭.cpp">
      <Filter>소스 파일</Filter>
    </ClCompile>
    <ClCompile Include="Lv2_더맵게.cpp">
      <Filter>소스 파일</Filter>
    </ClCompile>
    <ClCompile Include="Lv2_라면공장.cpp">
      <Filter>소스 파일</Filter>
    </ClCompile>
    <ClCompile Include="Lv2_소수찾기.cpp">
      <Filter>소스 파일</Filter>
    </ClCompile>
    <ClCompile Include="Lv2_쇠막대기.cpp">
      <Filter>소스 파일</Filter>
    </ClCompile>
    <ClCompile Include="Lv2_숫자야구.cpp">
      <Filter>소스 파일</Filter>
    </ClCompile>
    <ClCompile Include="Lv2_위장.cpp">
      <Filter>소스 파일</Filter>
    </ClCompile>
    <ClCompile Include="Lv2_전화번호목록.cpp">
      <Filter>소스 파일</Filter>
    </ClCompile>
    <ClCompile Include="Lv2_조이스틱.cpp">
      <Filter>소스 파일</Filter>
    </ClCompile>
    <ClCompile Include="Lv2_주식가격.cpp">
      <Filter>소스 파일</Filter>
    </ClCompile>
    <ClCompile Include="Lv2_카펫.cpp">
      <Filter>소스 파일</Filter>
    </ClCompile>
    <ClCompile Include="Lv2_큰수만들기.cpp">
      <Filter>소스 파일</Filter>
    </ClCompile>
    <ClCompile Include="Lv2_타켓넘버.cpp">
      <Filter>소스 파일</Filter>
    </ClCompile>
    <ClCompile Include="Lv2_탑.cpp">
      <Filter>소스 파일</Filter>
    </ClCompile>
    <ClCompile Include="Lv2_프린터.cpp">
      <Filter>소스 파일</Filter>
    </ClCompile>
    <ClCompile Include="Lv1_x만큼간격이있는n개의숫자.cpp">
      <Filter>소스 파일</Filter>
    </ClCompile>
    <ClCompile Include="Lv1_같은숫자는싫어.cpp">
      <Filter>소스 파일</Filter>
    </ClCompile>
  </ItemGroup>
</Project>