<?xml version="1.0" encoding="utf-8"?>
<Project ToolsVersion="4.0" xmlns="http://schemas.microsoft.com/developer/msbuild/2003">
  <ItemGroup>
    <Filter Include="소스 파일">
      <UniqueIdentifier>{4FC737F1-C7A5-4376-A066-2A32D752A2FF}</UniqueIdentifier>
      <Extensions>cpp;c;cc;cxx;def;odl;idl;hpj;bat;asm;asmx</Extensions>
    </Filter>
    <Filter Include="헤더 파일">
      <UniqueIdentifier>{93995380-89BD-4b04-88EB-625FBE52EBFB}</UniqueIdentifier>
      <Extensions>h;hh;hpp;hxx;hm;inl;inc;ipp;xsd</Extensions>
    </Filter>
    <Filter Include="리소스 파일">
      <UniqueIdentifier>{67DA6AB6-F800-4c08-8B7A-83BB121AAD01}</UniqueIdentifier>
      <Extensions>rc;ico;cur;bmp;dlg;rc2;rct;bin;rgs;gif;jpg;jpeg;jpe;resx;tiff;tif;png;wav;mfcribbon-ms</Extensions>
    </Filter>
  </ItemGroup>
  <ItemGroup>
    <ClCompile Include="Lv1\Lv1_2016년.cpp">
      <Filter>소스 파일</Filter>
    </ClCompile>
    <ClCompile Include="Lv1\Lv1_K번째수.cpp">
      <Filter>소스 파일</Filter>
    </ClCompile>
    <ClCompile Include="Lv1\Lv1_N으로표현.cpp">
      <Filter>소스 파일</Filter>
    </ClCompile>
    <ClCompile Include="Lv1\Lv1_x만큼간격이있는n개의숫자.cpp">
      <Filter>소스 파일</Filter>
    </ClCompile>
    <ClCompile Include="Lv1\Lv1_가운데글자가져오기.cpp">
      <Filter>소스 파일</Filter>
    </ClCompile>
    <ClCompile Include="Lv1\Lv1_같은숫자는싫어.cpp">
      <Filter>소스 파일</Filter>
    </ClCompile>
    <ClCompile Include="Lv1\Lv1_나누어떨어지는숫자배열.cpp">
      <Filter>소스 파일</Filter>
    </ClCompile>
    <ClCompile Include="Lv1\Lv1_두정수사이의합.cpp">
      <Filter>소스 파일</Filter>
    </ClCompile>
    <ClCompile Include="Lv1\Lv1_모의고사.cpp">
      <Filter>소스 파일</Filter>
    </ClCompile>
    <ClCompile Include="Lv1\Lv1_문자열내p와y의개수.cpp">
      <Filter>소스 파일</Filter>
    </ClCompile>
    <ClCompile Include="Lv1\Lv1_문자열내림차순으로배치하기.cpp">
      <Filter>소스 파일</Filter>
    </ClCompile>
    <ClCompile Include="Lv1\Lv1_문자열내마음대로정렬하기.cpp">
      <Filter>소스 파일</Filter>
    </ClCompile>
    <ClCompile Include="Lv1\Lv1_문자열다루기기본.cpp">
      <Filter>소스 파일</Filter>
    </ClCompile>
    <ClCompile Include="Lv1\Lv1_문자열을정수로바꾸기.cpp">
      <Filter>소스 파일</Filter>
    </ClCompile>
    <ClCompile Include="Lv1\Lv1_서울에서김서방찾기.cpp">
      <Filter>소스 파일</Filter>
    </ClCompile>
    <ClCompile Include="Lv1\Lv1_소수의합.cpp">
      <Filter>소스 파일</Filter>
    </ClCompile>
    <ClCompile Include="Lv1\Lv1_소수찾기.cpp">
      <Filter>소스 파일</Filter>
    </ClCompile>
    <ClCompile Include="Lv1\Lv1_수박수박수박수박수박수.cpp">
      <Filter>소스 파일</Filter>
    </ClCompile>
    <ClCompile Include="Lv1\Lv1_시저암호.cpp">
      <Filter>소스 파일</Filter>
    </ClCompile>
    <ClCompile Include="Lv1\Lv1_약수의합.cpp">
      <Filter>소스 파일</Filter>
    </ClCompile>
    <ClCompile Include="Lv1\Lv1_예산.cpp">
      <Filter>소스 파일</Filter>
    </ClCompile>
    <ClCompile Include="Lv1\Lv1_완주하지못한선수.cpp">
      <Filter>소스 파일</Filter>
    </ClCompile>
    <ClCompile Include="Lv1\Lv1_이상한문자만들기.cpp">
      <Filter>소스 파일</Filter>
    </ClCompile>
    <ClCompile Include="Lv1\Lv1_자릿수더하기.cpp">
      <Filter>소스 파일</Filter>
    </ClCompile>
    <ClCompile Include="Lv1\Lv1_자연수뒤집어배열로만들기.cpp">
      <Filter>소스 파일</Filter>
    </ClCompile>
    <ClCompile Include="Lv1\Lv1_정수내림차순으로배치하기.cpp">
      <Filter>소스 파일</Filter>
    </ClCompile>
    <ClCompile Include="Lv1\Lv1_정수제곱근판별.cpp">
      <Filter>소스 파일</Filter>
    </ClCompile>
    <ClCompile Include="Lv1\Lv1_제일작은수제거하기.cpp">
      <Filter>소스 파일</Filter>
    </ClCompile>
    <ClCompile Include="Lv1\Lv1_직사각형별찍기.cpp">
      <Filter>소스 파일</Filter>
    </ClCompile>
    <ClCompile Include="Lv1\Lv1_짝수와홀수.cpp">
      <Filter>소스 파일</Filter>
    </ClCompile>
    <ClCompile Include="Lv1\Lv1_체육복.cpp">
      <Filter>소스 파일</Filter>
    </ClCompile>
    <ClCompile Include="Lv1\Lv1_최대공약수와최소공배수.cpp">
      <Filter>소스 파일</Filter>
    </ClCompile>
    <ClCompile Include="Lv1\Lv1_콜라츠추측.cpp">
      <Filter>소스 파일</Filter>
    </ClCompile>
    <ClCompile Include="Lv1\Lv1_평균구하기.cpp">
      <Filter>소스 파일</Filter>
    </ClCompile>
    <ClCompile Include="Lv1\Lv1_하샤드수.cpp">
      <Filter>소스 파일</Filter>
    </ClCompile>
    <ClCompile Include="Lv1\Lv1_핸드폰번호가리기.cpp">
      <Filter>소스 파일</Filter>
    </ClCompile>
    <ClCompile Include="Lv1\Lv1_행렬의덧셈.cpp">
      <Filter>소스 파일</Filter>
    </ClCompile>
    <ClCompile Include="Lv2\Lv2_124나라의숫자.cpp">
      <Filter>소스 파일</Filter>
    </ClCompile>
    <ClCompile Include="Lv2\Lv2_H-Index.cpp">
      <Filter>소스 파일</Filter>
    </ClCompile>
    <ClCompile Include="Lv2\Lv2_JadenCase문자열만들기.cpp">
      <Filter>소스 파일</Filter>
    </ClCompile>
    <ClCompile Include="Lv2\Lv2_N개의최소공배수.cpp">
      <Filter>소스 파일</Filter>
    </ClCompile>
    <ClCompile Include="Lv2\Lv2_가장큰수.cpp">
      <Filter>소스 파일</Filter>
    </ClCompile>
    <ClCompile Include="Lv2\Lv2_가장큰정사각형찾기.cpp">
      <Filter>소스 파일</Filter>
    </ClCompile>
    <ClCompile Include="Lv2\Lv2_구명보트.cpp">
      <Filter>소스 파일</Filter>
    </ClCompile>
    <ClCompile Include="Lv2\Lv2_기능개발.cpp">
      <Filter>소스 파일</Filter>
    </ClCompile>
    <ClCompile Include="Lv2\Lv2_다리를지나는트럭.cpp">
      <Filter>소스 파일</Filter>
    </ClCompile>
    <ClCompile Include="Lv2\Lv2_다음큰숫자.cpp">
      <Filter>소스 파일</Filter>
    </ClCompile>
    <ClCompile Include="Lv2\Lv2_더맵게.cpp">
      <Filter>소스 파일</Filter>
    </ClCompile>
    <ClCompile Include="Lv2\Lv2_땅따먹기.cpp">
      <Filter>소스 파일</Filter>
    </ClCompile>
    <ClCompile Include="Lv2\Lv2_라면공장.cpp">
      <Filter>소스 파일</Filter>
    </ClCompile>
    <ClCompile Include="Lv2\Lv2_소수만들기.cpp">
      <Filter>소스 파일</Filter>
    </ClCompile>
    <ClCompile Include="Lv2\Lv2_소수찾기.cpp">
      <Filter>소스 파일</Filter>
    </ClCompile>
    <ClCompile Include="Lv2\Lv2_쇠막대기.cpp">
      <Filter>소스 파일</Filter>
    </ClCompile>
    <ClCompile Include="Lv2\Lv2_숫자야구.cpp">
      <Filter>소스 파일</Filter>
    </ClCompile>
    <ClCompile Include="Lv2\Lv2_숫자의표현.cpp">
      <Filter>소스 파일</Filter>
    </ClCompile>
    <ClCompile Include="Lv2\Lv2_스킬트리.cpp">
      <Filter>소스 파일</Filter>
    </ClCompile>
    <ClCompile Include="Lv2\Lv2_영어끝말잇기.cpp">
      <Filter>소스 파일</Filter>
    </ClCompile>
    <ClCompile Include="Lv2\Lv2_예상대진표.cpp">
      <Filter>소스 파일</Filter>
    </ClCompile>
    <ClCompile Include="Lv2\Lv2_올바른괄호.cpp">
      <Filter>소스 파일</Filter>
    </ClCompile>
    <ClCompile Include="Lv2\Lv2_위장.cpp">
      <Filter>소스 파일</Filter>
    </ClCompile>
    <ClCompile Include="Lv2\Lv2_전화번호목록.cpp">
      <Filter>소스 파일</Filter>
    </ClCompile>
    <ClCompile Include="Lv2\Lv2_점프와순간이동.cpp">
      <Filter>소스 파일</Filter>
    </ClCompile>
    <ClCompile Include="Lv2\Lv2_조이스틱.cpp">
      <Filter>소스 파일</Filter>
    </ClCompile>
    <ClCompile Include="Lv2\Lv2_주식가격.cpp">
      <Filter>소스 파일</Filter>
    </ClCompile>
    <ClCompile Include="Lv2\Lv2_최댓값과최솟값.cpp">
      <Filter>소스 파일</Filter>
    </ClCompile>
    <ClCompile Include="Lv2\Lv2_최솟값만들기.cpp">
      <Filter>소스 파일</Filter>
    </ClCompile>
    <ClCompile Include="Lv2\Lv2_카펫.cpp">
      <Filter>소스 파일</Filter>
    </ClCompile>
    <ClCompile Include="Lv2\Lv2_큰수만들기.cpp">
      <Filter>소스 파일</Filter>
    </ClCompile>
    <ClCompile Include="Lv2\Lv2_타겟넘버.cpp">
      <Filter>소스 파일</Filter>
    </ClCompile>
    <ClCompile Include="Lv2\Lv2_탑.cpp">
      <Filter>소스 파일</Filter>
    </ClCompile>
    <ClCompile Include="Lv2\Lv2_폰켓몬.cpp">
      <Filter>소스 파일</Filter>
    </ClCompile>
    <ClCompile Include="Lv2\Lv2_프린터.cpp">
      <Filter>소스 파일</Filter>
    </ClCompile>
    <ClCompile Include="Lv2\Lv2_피보나치수.cpp">
      <Filter>소스 파일</Filter>
    </ClCompile>
    <ClCompile Include="Lv2\Lv2_행렬의곱셈.cpp">
      <Filter>소스 파일</Filter>
    </ClCompile>
    <ClCompile Include="Lv3\Lv3_베스트앨범.cpp">
      <Filter>소스 파일</Filter>
    </ClCompile>
    <ClCompile Include="Lv3\Lv3_디스크컨트롤러.cpp">
      <Filter>소스 파일</Filter>
    </ClCompile>
    <ClCompile Include="Lv3\Lv3_이중우선순위큐.cpp">
      <Filter>소스 파일</Filter>
    </ClCompile>
    <ClCompile Include="Lv3\Lv3_2xn타일링.cpp">
      <Filter>소스 파일</Filter>
    </ClCompile>
    <ClCompile Include="Lv3\Lv3_단속카메라.cpp">
      <Filter>소스 파일</Filter>
    </ClCompile>
    <ClCompile Include="Lv3\Lv3_섬연결하기.cpp">
      <Filter>소스 파일</Filter>
    </ClCompile>
    <ClCompile Include="Lv3\Lv3_저울.cpp">
      <Filter>소스 파일</Filter>
    </ClCompile>
    <ClCompile Include="Lv3\Lv3_타일장식물.cpp">
      <Filter>소스 파일</Filter>
    </ClCompile>
    <ClCompile Include="Lv3\Lv3_정수삼각형.cpp">
      <Filter>소스 파일</Filter>
    </ClCompile>
    <ClCompile Include="Lv3\Lv3_등굣길.cpp">
      <Filter>소스 파일</Filter>
    </ClCompile>
    <ClCompile Include="Lv4\Lv4_카드게임.cpp">
      <Filter>소스 파일</Filter>
    </ClCompile>
    <ClCompile Include="Lv3\Lv3_네트워크.cpp">
      <Filter>소스 파일</Filter>
    </ClCompile>
    <ClCompile Include="Lv3\Lv3_단어변환.cpp">
      <Filter>소스 파일</Filter>
    </ClCompile>
    <ClCompile Include="Lv3\Lv3_여행경로.cpp">
      <Filter>소스 파일</Filter>
    </ClCompile>
    <ClCompile Include="Lv3\Lv3_예산.cpp">
      <Filter>소스 파일</Filter>
    </ClCompile>
    <ClCompile Include="Lv3\Lv3_입국심사.cpp">
      <Filter>소스 파일</Filter>
    </ClCompile>
    <ClCompile Include="Lv3\Lv3_가장먼노드.cpp">
      <Filter>소스 파일</Filter>
    </ClCompile>
    <ClCompile Include="Lv3\Lv3_순위.cpp">
      <Filter>소스 파일</Filter>
    </ClCompile>
    <ClCompile Include="실전모의고사2회\가로등.cpp">
      <Filter>소스 파일</Filter>
    </ClCompile>
    <ClCompile Include="실전모의고사2회\빙고.cpp">
      <Filter>소스 파일</Filter>
    </ClCompile>
    <ClCompile Include="실전모의고사2회\배열회전.cpp">
      <Filter>소스 파일</Filter>
    </ClCompile>
    <ClCompile Include="Lv3\Lv3_카카오프렌즈컬러링북.cpp">
      <Filter>소스 파일</Filter>
    </ClCompile>
    <ClCompile Include="Lv3\Lv3_브라이언의고민.cpp">
      <Filter>소스 파일</Filter>
    </ClCompile>
    <ClCompile Include="Lv3\Lv3_4단고음.cpp">
      <Filter>소스 파일</Filter>
    </ClCompile>
    <ClCompile Include="Lv3\Lv3_짝지어제거하기.cpp">
      <Filter>소스 파일</Filter>
    </ClCompile>
    <ClCompile Include="Lv3\Lv3_보행자천국.cpp">
      <Filter>소스 파일</Filter>
    </ClCompile>
    <ClCompile Include="Lv3\Lv3_가장긴펠린드롬.cpp">
      <Filter>소스 파일</Filter>
    </ClCompile>
    <ClCompile Include="Lv3\Lv3_거스름돈.cpp">
      <Filter>소스 파일</Filter>
    </ClCompile>
    <ClCompile Include="Lv3\Lv3_방문길이.cpp">
      <Filter>소스 파일</Filter>
    </ClCompile>
    <ClCompile Include="Lv3\Lv3_줄서는방법.cpp">
      <Filter>소스 파일</Filter>
    </ClCompile>
    <ClCompile Include="Lv3\Lv3_하노이의탑.cpp">
      <Filter>소스 파일</Filter>
    </ClCompile>
    <ClCompile Include="Lv3\Lv3_배달.cpp">
      <Filter>소스 파일</Filter>
    </ClCompile>
    <ClCompile Include="Lv3\Lv3_숫자게임.cpp">
      <Filter>소스 파일</Filter>
    </ClCompile>
    <ClCompile Include="Lv3\Lv3_캠핑.cpp">
      <Filter>소스 파일</Filter>
    </ClCompile>
    <ClCompile Include="Lv3\Lv3_멀리뛰기.cpp">
      <Filter>소스 파일</Filter>
    </ClCompile>
    <ClCompile Include="Lv3\Lv3_야근지수.cpp">
      <Filter>소스 파일</Filter>
    </ClCompile>
    <ClCompile Include="Lv3\Lv3_최고의집합.cpp">
      <Filter>소스 파일</Filter>
    </ClCompile>
    <ClCompile Include="Lv3\Lv3_기지국설치.cpp">
      <Filter>소스 파일</Filter>
    </ClCompile>
    <ClCompile Include="Lv4\Lv4_3xn타일링.cpp">
      <Filter>소스 파일</Filter>
    </ClCompile>
    <ClCompile Include="Lv4\Lv4_N-Qeen.cpp">
      <Filter>소스 파일</Filter>
    </ClCompile>
  </ItemGroup>
</Project>